// !$*UTF8*$!
{
	archiveVersion = 1;
	classes = {
	};
	objectVersion = 48;
	objects = {

/* Begin PBXBuildFile section */
		62103C94207692DD00B70142 /* libmove-ios-sdk.a in Frameworks */ = {isa = PBXBuildFile; fileRef = 62103C912076924C00B70142 /* libmove-ios-sdk.a */; };
		6215639920763E1500362E83 /* Reachability.m in Sources */ = {isa = PBXBuildFile; fileRef = 6215639820763E1500362E83 /* Reachability.m */; };
		6215639C2076416C00362E83 /* DemoOnCallView.xib in Resources */ = {isa = PBXBuildFile; fileRef = 6215639B2076416C00362E83 /* DemoOnCallView.xib */; };
		621563A0207641C600362E83 /* DemoOnCallViewController.m in Sources */ = {isa = PBXBuildFile; fileRef = 6215639D2076418800362E83 /* DemoOnCallViewController.m */; };
		6272957A20A38F4B002122B1 /* MenuController.m in Sources */ = {isa = PBXBuildFile; fileRef = 6272957920A38F4B002122B1 /* MenuController.m */; };
		6272957E20A3940D002122B1 /* SWRevealViewController.m in Sources */ = {isa = PBXBuildFile; fileRef = 6272957D20A3940D002122B1 /* SWRevealViewController.m */; };
		6272958120A4C5BC002122B1 /* ProvisioningViewController.m in Sources */ = {isa = PBXBuildFile; fileRef = 6272958020A4C5BC002122B1 /* ProvisioningViewController.m */; };
		6272958420A5BB95002122B1 /* AccountViewController.m in Sources */ = {isa = PBXBuildFile; fileRef = 6272958320A5BB95002122B1 /* AccountViewController.m */; };
		6272958720A5BBAF002122B1 /* RecordingsViewController.m in Sources */ = {isa = PBXBuildFile; fileRef = 6272958620A5BBAF002122B1 /* RecordingsViewController.m */; };
		6272958A20A5BBBD002122B1 /* EventsViewController.m in Sources */ = {isa = PBXBuildFile; fileRef = 6272958920A5BBBD002122B1 /* EventsViewController.m */; };
		6272958D20A5BBE1002122B1 /* MersoftViewController.m in Sources */ = {isa = PBXBuildFile; fileRef = 6272958C20A5BBE1002122B1 /* MersoftViewController.m */; };
		62A22BA4207664E000B56AED /* include in Resources */ = {isa = PBXBuildFile; fileRef = 62A22BA2207664AF00B56AED /* include */; };
		62A22BA5207664E000B56AED /* lib in Resources */ = {isa = PBXBuildFile; fileRef = 62A22BA3207664E000B56AED /* lib */; };
		62A22BAB2076769400B56AED /* WebRTC.framework in Frameworks */ = {isa = PBXBuildFile; fileRef = 62A22BAA2076769400B56AED /* WebRTC.framework */; };
		62A22BAC2076769400B56AED /* WebRTC.framework in Embed Frameworks */ = {isa = PBXBuildFile; fileRef = 62A22BAA2076769400B56AED /* WebRTC.framework */; settings = {ATTRIBUTES = (CodeSignOnCopy, RemoveHeadersOnCopy, ); }; };
		62B7A4C2207292AF005C5130 /* LoginViewController.m in Sources */ = {isa = PBXBuildFile; fileRef = 62B7A4C1207292AF005C5130 /* LoginViewController.m */; };
		62B7A4FA20729731005C5130 /* SystemConfiguration.framework in Frameworks */ = {isa = PBXBuildFile; fileRef = 62B7A4F920729731005C5130 /* SystemConfiguration.framework */; };
		62B7A50020729781005C5130 /* CoreAudioKit.framework in Frameworks */ = {isa = PBXBuildFile; fileRef = 62B7A4FB20729781005C5130 /* CoreAudioKit.framework */; };
		62B7A50120729781005C5130 /* CoreAudio.framework in Frameworks */ = {isa = PBXBuildFile; fileRef = 62B7A4FC20729781005C5130 /* CoreAudio.framework */; };
		62B7A50220729781005C5130 /* CoreGraphics.framework in Frameworks */ = {isa = PBXBuildFile; fileRef = 62B7A4FD20729781005C5130 /* CoreGraphics.framework */; };
		62B7A50320729781005C5130 /* CoreVideo.framework in Frameworks */ = {isa = PBXBuildFile; fileRef = 62B7A4FE20729781005C5130 /* CoreVideo.framework */; };
		62B7A50420729781005C5130 /* CoreImage.framework in Frameworks */ = {isa = PBXBuildFile; fileRef = 62B7A4FF20729781005C5130 /* CoreImage.framework */; };
		62B7A5062072978E005C5130 /* NotificationCenter.framework in Frameworks */ = {isa = PBXBuildFile; fileRef = 62B7A5052072978E005C5130 /* NotificationCenter.framework */; };
		62B7A508207297A5005C5130 /* AVFoundation.framework in Frameworks */ = {isa = PBXBuildFile; fileRef = 62B7A507207297A5005C5130 /* AVFoundation.framework */; };
		62B7A50A207297B8005C5130 /* Foundation.framework in Frameworks */ = {isa = PBXBuildFile; fileRef = 62B7A509207297B8005C5130 /* Foundation.framework */; };
		62B7A50C207297C0005C5130 /* GLKit.framework in Frameworks */ = {isa = PBXBuildFile; fileRef = 62B7A50B207297C0005C5130 /* GLKit.framework */; };
		62B7A50E207297C8005C5130 /* QuartzCore.framework in Frameworks */ = {isa = PBXBuildFile; fileRef = 62B7A50D207297C8005C5130 /* QuartzCore.framework */; };
		62B7A510207297D8005C5130 /* UIKit.framework in Frameworks */ = {isa = PBXBuildFile; fileRef = 62B7A50F207297D7005C5130 /* UIKit.framework */; };
		62B7A512207297EA005C5130 /* VideoToolbox.framework in Frameworks */ = {isa = PBXBuildFile; fileRef = 62B7A511207297EA005C5130 /* VideoToolbox.framework */; };
		62B7A5152072982F005C5130 /* libc++.tbd in Frameworks */ = {isa = PBXBuildFile; fileRef = 62B7A5132072982E005C5130 /* libc++.tbd */; };
		62B7A5162072982F005C5130 /* libicucore.tbd in Frameworks */ = {isa = PBXBuildFile; fileRef = 62B7A5142072982F005C5130 /* libicucore.tbd */; };
		62B7A5192072B07C005C5130 /* PreviewViewController.m in Sources */ = {isa = PBXBuildFile; fileRef = 62B7A5182072B07C005C5130 /* PreviewViewController.m */; };
		62BF0BFA2072774D004ED41F /* AppDelegate.m in Sources */ = {isa = PBXBuildFile; fileRef = 62BF0BF92072774D004ED41F /* AppDelegate.m */; };
		62BF0C022072774D004ED41F /* Assets.xcassets in Resources */ = {isa = PBXBuildFile; fileRef = 62BF0C012072774D004ED41F /* Assets.xcassets */; };
		62BF0C052072774D004ED41F /* LaunchScreen.storyboard in Resources */ = {isa = PBXBuildFile; fileRef = 62BF0C032072774D004ED41F /* LaunchScreen.storyboard */; };
		62BF0C082072774D004ED41F /* main.m in Sources */ = {isa = PBXBuildFile; fileRef = 62BF0C072072774D004ED41F /* main.m */; };
		62BF0C122072774D004ED41F /* StreamViewTests.m in Sources */ = {isa = PBXBuildFile; fileRef = 62BF0C112072774D004ED41F /* StreamViewTests.m */; };
		62BF0C1D2072774D004ED41F /* StreamViewUITests.m in Sources */ = {isa = PBXBuildFile; fileRef = 62BF0C1C2072774D004ED41F /* StreamViewUITests.m */; };
		62D0A3D520727D6900B96CFC /* StreamView.storyboard in Resources */ = {isa = PBXBuildFile; fileRef = 62D0A3D420727D6900B96CFC /* StreamView.storyboard */; };
/* End PBXBuildFile section */

/* Begin PBXContainerItemProxy section */
		62103C902076924C00B70142 /* PBXContainerItemProxy */ = {
			isa = PBXContainerItemProxy;
			containerPortal = 62103C8C2076924C00B70142 /* move-ios-sdk.xcodeproj */;
			proxyType = 2;
			remoteGlobalIDString = BDC62CCF1DD626FB009CC7F6;
			remoteInfo = "move-ios-sdk";
		};
		62103C92207692B300B70142 /* PBXContainerItemProxy */ = {
			isa = PBXContainerItemProxy;
			containerPortal = 62103C8C2076924C00B70142 /* move-ios-sdk.xcodeproj */;
			proxyType = 1;
			remoteGlobalIDString = BDC62CCE1DD626FB009CC7F6;
			remoteInfo = "move-ios-sdk";
		};
		62BF0C0E2072774D004ED41F /* PBXContainerItemProxy */ = {
			isa = PBXContainerItemProxy;
			containerPortal = 62BF0BED2072774D004ED41F /* Project object */;
			proxyType = 1;
			remoteGlobalIDString = 62BF0BF42072774D004ED41F;
			remoteInfo = StreamView;
		};
		62BF0C192072774D004ED41F /* PBXContainerItemProxy */ = {
			isa = PBXContainerItemProxy;
			containerPortal = 62BF0BED2072774D004ED41F /* Project object */;
			proxyType = 1;
			remoteGlobalIDString = 62BF0BF42072774D004ED41F;
			remoteInfo = StreamView;
		};
/* End PBXContainerItemProxy section */

/* Begin PBXCopyFilesBuildPhase section */
		62A22BAD2076769400B56AED /* Embed Frameworks */ = {
			isa = PBXCopyFilesBuildPhase;
			buildActionMask = 2147483647;
			dstPath = "";
			dstSubfolderSpec = 10;
			files = (
				62A22BAC2076769400B56AED /* WebRTC.framework in Embed Frameworks */,
			);
			name = "Embed Frameworks";
			runOnlyForDeploymentPostprocessing = 0;
		};
/* End PBXCopyFilesBuildPhase section */

/* Begin PBXFileReference section */
		62103C8C2076924C00B70142 /* move-ios-sdk.xcodeproj */ = {isa = PBXFileReference; lastKnownFileType = "wrapper.pb-project"; name = "move-ios-sdk.xcodeproj"; path = "../move-ios-sdk/move-ios-sdk.xcodeproj"; sourceTree = "<group>"; };
		6215639720763DF500362E83 /* Reachability.h */ = {isa = PBXFileReference; fileEncoding = 4; lastKnownFileType = sourcecode.c.h; path = Reachability.h; sourceTree = "<group>"; };
		6215639820763E1500362E83 /* Reachability.m */ = {isa = PBXFileReference; fileEncoding = 4; lastKnownFileType = sourcecode.c.objc; path = Reachability.m; sourceTree = "<group>"; };
		6215639A2076415200362E83 /* DemoOnCallViewController.h */ = {isa = PBXFileReference; fileEncoding = 4; lastKnownFileType = sourcecode.c.h; path = DemoOnCallViewController.h; sourceTree = "<group>"; };
		6215639B2076416C00362E83 /* DemoOnCallView.xib */ = {isa = PBXFileReference; fileEncoding = 4; lastKnownFileType = file.xib; path = DemoOnCallView.xib; sourceTree = "<group>"; };
		6215639D2076418800362E83 /* DemoOnCallViewController.m */ = {isa = PBXFileReference; fileEncoding = 4; lastKnownFileType = sourcecode.c.objc; path = DemoOnCallViewController.m; sourceTree = "<group>"; };
		6272957820A38F4B002122B1 /* MenuController.h */ = {isa = PBXFileReference; lastKnownFileType = sourcecode.c.h; path = MenuController.h; sourceTree = "<group>"; };
		6272957920A38F4B002122B1 /* MenuController.m */ = {isa = PBXFileReference; lastKnownFileType = sourcecode.c.objc; path = MenuController.m; sourceTree = "<group>"; };
		6272957C20A3940D002122B1 /* SWRevealViewController.h */ = {isa = PBXFileReference; lastKnownFileType = sourcecode.c.h; path = SWRevealViewController.h; sourceTree = "<group>"; };
		6272957D20A3940D002122B1 /* SWRevealViewController.m */ = {isa = PBXFileReference; lastKnownFileType = sourcecode.c.objc; path = SWRevealViewController.m; sourceTree = "<group>"; };
		6272957F20A4C5BC002122B1 /* ProvisioningViewController.h */ = {isa = PBXFileReference; lastKnownFileType = sourcecode.c.h; path = ProvisioningViewController.h; sourceTree = "<group>"; };
		6272958020A4C5BC002122B1 /* ProvisioningViewController.m */ = {isa = PBXFileReference; lastKnownFileType = sourcecode.c.objc; path = ProvisioningViewController.m; sourceTree = "<group>"; };
		6272958220A5BB95002122B1 /* AccountViewController.h */ = {isa = PBXFileReference; lastKnownFileType = sourcecode.c.h; path = AccountViewController.h; sourceTree = "<group>"; };
		6272958320A5BB95002122B1 /* AccountViewController.m */ = {isa = PBXFileReference; lastKnownFileType = sourcecode.c.objc; path = AccountViewController.m; sourceTree = "<group>"; };
		6272958520A5BBAF002122B1 /* RecordingsViewController.h */ = {isa = PBXFileReference; lastKnownFileType = sourcecode.c.h; path = RecordingsViewController.h; sourceTree = "<group>"; };
		6272958620A5BBAF002122B1 /* RecordingsViewController.m */ = {isa = PBXFileReference; lastKnownFileType = sourcecode.c.objc; path = RecordingsViewController.m; sourceTree = "<group>"; };
		6272958820A5BBBD002122B1 /* EventsViewController.h */ = {isa = PBXFileReference; lastKnownFileType = sourcecode.c.h; path = EventsViewController.h; sourceTree = "<group>"; };
		6272958920A5BBBD002122B1 /* EventsViewController.m */ = {isa = PBXFileReference; lastKnownFileType = sourcecode.c.objc; path = EventsViewController.m; sourceTree = "<group>"; };
		6272958B20A5BBE1002122B1 /* MersoftViewController.h */ = {isa = PBXFileReference; lastKnownFileType = sourcecode.c.h; path = MersoftViewController.h; sourceTree = "<group>"; };
		6272958C20A5BBE1002122B1 /* MersoftViewController.m */ = {isa = PBXFileReference; lastKnownFileType = sourcecode.c.objc; path = MersoftViewController.m; sourceTree = "<group>"; };
		62A22BA2207664AF00B56AED /* include */ = {isa = PBXFileReference; lastKnownFileType = folder; path = include; sourceTree = "<group>"; };
		62A22BA3207664E000B56AED /* lib */ = {isa = PBXFileReference; lastKnownFileType = folder; path = lib; sourceTree = "<group>"; };
		62A22BA82076684500B56AED /* libmove-ios-sdk.a */ = {isa = PBXFileReference; lastKnownFileType = archive.ar; name = "libmove-ios-sdk.a"; path = "MoveSDK/lib/libmove-ios-sdk.a"; sourceTree = SOURCE_ROOT; };
		62A22BAA2076769400B56AED /* WebRTC.framework */ = {isa = PBXFileReference; lastKnownFileType = wrapper.framework; path = WebRTC.framework; sourceTree = "<group>"; };
		62B7A4C1207292AF005C5130 /* LoginViewController.m */ = {isa = PBXFileReference; lastKnownFileType = sourcecode.c.objc; path = LoginViewController.m; sourceTree = "<group>"; };
		62B7A4C3207292DF005C5130 /* LoginViewController.h */ = {isa = PBXFileReference; lastKnownFileType = sourcecode.c.h; path = LoginViewController.h; sourceTree = "<group>"; };
		62B7A4F920729731005C5130 /* SystemConfiguration.framework */ = {isa = PBXFileReference; lastKnownFileType = wrapper.framework; name = SystemConfiguration.framework; path = System/Library/Frameworks/SystemConfiguration.framework; sourceTree = SDKROOT; };
		62B7A4FB20729781005C5130 /* CoreAudioKit.framework */ = {isa = PBXFileReference; lastKnownFileType = wrapper.framework; name = CoreAudioKit.framework; path = System/Library/Frameworks/CoreAudioKit.framework; sourceTree = SDKROOT; };
		62B7A4FC20729781005C5130 /* CoreAudio.framework */ = {isa = PBXFileReference; lastKnownFileType = wrapper.framework; name = CoreAudio.framework; path = System/Library/Frameworks/CoreAudio.framework; sourceTree = SDKROOT; };
		62B7A4FD20729781005C5130 /* CoreGraphics.framework */ = {isa = PBXFileReference; lastKnownFileType = wrapper.framework; name = CoreGraphics.framework; path = System/Library/Frameworks/CoreGraphics.framework; sourceTree = SDKROOT; };
		62B7A4FE20729781005C5130 /* CoreVideo.framework */ = {isa = PBXFileReference; lastKnownFileType = wrapper.framework; name = CoreVideo.framework; path = System/Library/Frameworks/CoreVideo.framework; sourceTree = SDKROOT; };
		62B7A4FF20729781005C5130 /* CoreImage.framework */ = {isa = PBXFileReference; lastKnownFileType = wrapper.framework; name = CoreImage.framework; path = System/Library/Frameworks/CoreImage.framework; sourceTree = SDKROOT; };
		62B7A5052072978E005C5130 /* NotificationCenter.framework */ = {isa = PBXFileReference; lastKnownFileType = wrapper.framework; name = NotificationCenter.framework; path = System/Library/Frameworks/NotificationCenter.framework; sourceTree = SDKROOT; };
		62B7A507207297A5005C5130 /* AVFoundation.framework */ = {isa = PBXFileReference; lastKnownFileType = wrapper.framework; name = AVFoundation.framework; path = System/Library/Frameworks/AVFoundation.framework; sourceTree = SDKROOT; };
		62B7A509207297B8005C5130 /* Foundation.framework */ = {isa = PBXFileReference; lastKnownFileType = wrapper.framework; name = Foundation.framework; path = System/Library/Frameworks/Foundation.framework; sourceTree = SDKROOT; };
		62B7A50B207297C0005C5130 /* GLKit.framework */ = {isa = PBXFileReference; lastKnownFileType = wrapper.framework; name = GLKit.framework; path = System/Library/Frameworks/GLKit.framework; sourceTree = SDKROOT; };
		62B7A50D207297C8005C5130 /* QuartzCore.framework */ = {isa = PBXFileReference; lastKnownFileType = wrapper.framework; name = QuartzCore.framework; path = System/Library/Frameworks/QuartzCore.framework; sourceTree = SDKROOT; };
		62B7A50F207297D7005C5130 /* UIKit.framework */ = {isa = PBXFileReference; lastKnownFileType = wrapper.framework; name = UIKit.framework; path = System/Library/Frameworks/UIKit.framework; sourceTree = SDKROOT; };
		62B7A511207297EA005C5130 /* VideoToolbox.framework */ = {isa = PBXFileReference; lastKnownFileType = wrapper.framework; name = VideoToolbox.framework; path = System/Library/Frameworks/VideoToolbox.framework; sourceTree = SDKROOT; };
		62B7A5132072982E005C5130 /* libc++.tbd */ = {isa = PBXFileReference; lastKnownFileType = "sourcecode.text-based-dylib-definition"; name = "libc++.tbd"; path = "usr/lib/libc++.tbd"; sourceTree = SDKROOT; };
		62B7A5142072982F005C5130 /* libicucore.tbd */ = {isa = PBXFileReference; lastKnownFileType = "sourcecode.text-based-dylib-definition"; name = libicucore.tbd; path = usr/lib/libicucore.tbd; sourceTree = SDKROOT; };
		62B7A5182072B07C005C5130 /* PreviewViewController.m */ = {isa = PBXFileReference; lastKnownFileType = sourcecode.c.objc; path = PreviewViewController.m; sourceTree = "<group>"; };
		62B7A51A2072B08D005C5130 /* PreviewViewController.h */ = {isa = PBXFileReference; lastKnownFileType = sourcecode.c.h; path = PreviewViewController.h; sourceTree = "<group>"; };
		62BF0BF52072774D004ED41F /* StreamView.app */ = {isa = PBXFileReference; explicitFileType = wrapper.application; includeInIndex = 0; path = StreamView.app; sourceTree = BUILT_PRODUCTS_DIR; };
		62BF0BF82072774D004ED41F /* AppDelegate.h */ = {isa = PBXFileReference; lastKnownFileType = sourcecode.c.h; path = AppDelegate.h; sourceTree = "<group>"; };
		62BF0BF92072774D004ED41F /* AppDelegate.m */ = {isa = PBXFileReference; lastKnownFileType = sourcecode.c.objc; path = AppDelegate.m; sourceTree = "<group>"; };
		62BF0C012072774D004ED41F /* Assets.xcassets */ = {isa = PBXFileReference; lastKnownFileType = folder.assetcatalog; path = Assets.xcassets; sourceTree = "<group>"; };
		62BF0C042072774D004ED41F /* Base */ = {isa = PBXFileReference; lastKnownFileType = file.storyboard; name = Base; path = Base.lproj/LaunchScreen.storyboard; sourceTree = "<group>"; };
		62BF0C062072774D004ED41F /* Info.plist */ = {isa = PBXFileReference; lastKnownFileType = text.plist.xml; path = Info.plist; sourceTree = "<group>"; };
		62BF0C072072774D004ED41F /* main.m */ = {isa = PBXFileReference; lastKnownFileType = sourcecode.c.objc; path = main.m; sourceTree = "<group>"; };
		62BF0C0D2072774D004ED41F /* StreamViewTests.xctest */ = {isa = PBXFileReference; explicitFileType = wrapper.cfbundle; includeInIndex = 0; path = StreamViewTests.xctest; sourceTree = BUILT_PRODUCTS_DIR; };
		62BF0C112072774D004ED41F /* StreamViewTests.m */ = {isa = PBXFileReference; lastKnownFileType = sourcecode.c.objc; path = StreamViewTests.m; sourceTree = "<group>"; };
		62BF0C132072774D004ED41F /* Info.plist */ = {isa = PBXFileReference; lastKnownFileType = text.plist.xml; path = Info.plist; sourceTree = "<group>"; };
		62BF0C182072774D004ED41F /* StreamViewUITests.xctest */ = {isa = PBXFileReference; explicitFileType = wrapper.cfbundle; includeInIndex = 0; path = StreamViewUITests.xctest; sourceTree = BUILT_PRODUCTS_DIR; };
		62BF0C1C2072774D004ED41F /* StreamViewUITests.m */ = {isa = PBXFileReference; lastKnownFileType = sourcecode.c.objc; path = StreamViewUITests.m; sourceTree = "<group>"; };
		62BF0C1E2072774D004ED41F /* Info.plist */ = {isa = PBXFileReference; lastKnownFileType = text.plist.xml; path = Info.plist; sourceTree = "<group>"; };
		62D0A3D420727D6900B96CFC /* StreamView.storyboard */ = {isa = PBXFileReference; lastKnownFileType = file.storyboard; path = StreamView.storyboard; sourceTree = "<group>"; };
/* End PBXFileReference section */

/* Begin PBXFrameworksBuildPhase section */
		62BF0BF22072774D004ED41F /* Frameworks */ = {
			isa = PBXFrameworksBuildPhase;
			buildActionMask = 2147483647;
			files = (
				62103C94207692DD00B70142 /* libmove-ios-sdk.a in Frameworks */,
				62A22BAB2076769400B56AED /* WebRTC.framework in Frameworks */,
				62B7A5152072982F005C5130 /* libc++.tbd in Frameworks */,
				62B7A5162072982F005C5130 /* libicucore.tbd in Frameworks */,
				62B7A512207297EA005C5130 /* VideoToolbox.framework in Frameworks */,
				62B7A510207297D8005C5130 /* UIKit.framework in Frameworks */,
				62B7A50E207297C8005C5130 /* QuartzCore.framework in Frameworks */,
				62B7A50C207297C0005C5130 /* GLKit.framework in Frameworks */,
				62B7A50A207297B8005C5130 /* Foundation.framework in Frameworks */,
				62B7A508207297A5005C5130 /* AVFoundation.framework in Frameworks */,
				62B7A5062072978E005C5130 /* NotificationCenter.framework in Frameworks */,
				62B7A50020729781005C5130 /* CoreAudioKit.framework in Frameworks */,
				62B7A50120729781005C5130 /* CoreAudio.framework in Frameworks */,
				62B7A50220729781005C5130 /* CoreGraphics.framework in Frameworks */,
				62B7A50320729781005C5130 /* CoreVideo.framework in Frameworks */,
				62B7A50420729781005C5130 /* CoreImage.framework in Frameworks */,
				62B7A4FA20729731005C5130 /* SystemConfiguration.framework in Frameworks */,
			);
			runOnlyForDeploymentPostprocessing = 0;
		};
		62BF0C0A2072774D004ED41F /* Frameworks */ = {
			isa = PBXFrameworksBuildPhase;
			buildActionMask = 2147483647;
			files = (
			);
			runOnlyForDeploymentPostprocessing = 0;
		};
		62BF0C152072774D004ED41F /* Frameworks */ = {
			isa = PBXFrameworksBuildPhase;
			buildActionMask = 2147483647;
			files = (
			);
			runOnlyForDeploymentPostprocessing = 0;
		};
/* End PBXFrameworksBuildPhase section */

/* Begin PBXGroup section */
		62103C8D2076924C00B70142 /* Products */ = {
			isa = PBXGroup;
			children = (
				62103C912076924C00B70142 /* libmove-ios-sdk.a */,
			);
			name = Products;
			sourceTree = "<group>";
		};
		62B7A4C42072939E005C5130 /* MoveSDK */ = {
			isa = PBXGroup;
			children = (
				62A22BA2207664AF00B56AED /* include */,
				62A22BA3207664E000B56AED /* lib */,
			);
			path = MoveSDK;
			sourceTree = "<group>";
		};
		62B7A4F8207296DD005C5130 /* Frameworks */ = {
			isa = PBXGroup;
			children = (
				62A22BAA2076769400B56AED /* WebRTC.framework */,
				62A22BA82076684500B56AED /* libmove-ios-sdk.a */,
				62B7A5132072982E005C5130 /* libc++.tbd */,
				62B7A5142072982F005C5130 /* libicucore.tbd */,
				62B7A511207297EA005C5130 /* VideoToolbox.framework */,
				62B7A50F207297D7005C5130 /* UIKit.framework */,
				62B7A50D207297C8005C5130 /* QuartzCore.framework */,
				62B7A50B207297C0005C5130 /* GLKit.framework */,
				62B7A509207297B8005C5130 /* Foundation.framework */,
				62B7A507207297A5005C5130 /* AVFoundation.framework */,
				62B7A5052072978E005C5130 /* NotificationCenter.framework */,
				62B7A4FC20729781005C5130 /* CoreAudio.framework */,
				62B7A4FB20729781005C5130 /* CoreAudioKit.framework */,
				62B7A4FD20729781005C5130 /* CoreGraphics.framework */,
				62B7A4FF20729781005C5130 /* CoreImage.framework */,
				62B7A4FE20729781005C5130 /* CoreVideo.framework */,
				62B7A4F920729731005C5130 /* SystemConfiguration.framework */,
			);
			path = Frameworks;
			sourceTree = "<group>";
		};
		62BF0BEC2072774D004ED41F = {
			isa = PBXGroup;
			children = (
				62103C8C2076924C00B70142 /* move-ios-sdk.xcodeproj */,
				62BF0BF72072774D004ED41F /* StreamView */,
				62BF0C102072774D004ED41F /* StreamViewTests */,
				62BF0C1B2072774D004ED41F /* StreamViewUITests */,
				62B7A4F8207296DD005C5130 /* Frameworks */,
				62B7A4C42072939E005C5130 /* MoveSDK */,
				62BF0BF62072774D004ED41F /* Products */,
			);
			sourceTree = "<group>";
		};
		62BF0BF62072774D004ED41F /* Products */ = {
			isa = PBXGroup;
			children = (
				62BF0BF52072774D004ED41F /* StreamView.app */,
				62BF0C0D2072774D004ED41F /* StreamViewTests.xctest */,
				62BF0C182072774D004ED41F /* StreamViewUITests.xctest */,
			);
			name = Products;
			sourceTree = "<group>";
		};
		62BF0BF72072774D004ED41F /* StreamView */ = {
			isa = PBXGroup;
			children = (
				62BF0C2A207277D8004ED41F /* Views */,
				62BF0BF82072774D004ED41F /* AppDelegate.h */,
				62BF0BF92072774D004ED41F /* AppDelegate.m */,
				6215639720763DF500362E83 /* Reachability.h */,
				6215639820763E1500362E83 /* Reachability.m */,
				62BF0C012072774D004ED41F /* Assets.xcassets */,
				62BF0C032072774D004ED41F /* LaunchScreen.storyboard */,
				62BF0C062072774D004ED41F /* Info.plist */,
				62BF0C072072774D004ED41F /* main.m */,
			);
			path = StreamView;
			sourceTree = "<group>";
		};
		62BF0C102072774D004ED41F /* StreamViewTests */ = {
			isa = PBXGroup;
			children = (
				62BF0C112072774D004ED41F /* StreamViewTests.m */,
				62BF0C132072774D004ED41F /* Info.plist */,
			);
			path = StreamViewTests;
			sourceTree = "<group>";
		};
		62BF0C1B2072774D004ED41F /* StreamViewUITests */ = {
			isa = PBXGroup;
			children = (
				62BF0C1C2072774D004ED41F /* StreamViewUITests.m */,
				62BF0C1E2072774D004ED41F /* Info.plist */,
			);
			path = StreamViewUITests;
			sourceTree = "<group>";
		};
		62BF0C2A207277D8004ED41F /* Views */ = {
			isa = PBXGroup;
			children = (
				6215639B2076416C00362E83 /* DemoOnCallView.xib */,
				6215639A2076415200362E83 /* DemoOnCallViewController.h */,
				6215639D2076418800362E83 /* DemoOnCallViewController.m */,
				62D0A3D420727D6900B96CFC /* StreamView.storyboard */,
				62B7A4C1207292AF005C5130 /* LoginViewController.m */,
				62B7A4C3207292DF005C5130 /* LoginViewController.h */,
				6272957C20A3940D002122B1 /* SWRevealViewController.h */,
				6272957D20A3940D002122B1 /* SWRevealViewController.m */,
				6272957820A38F4B002122B1 /* MenuController.h */,
				6272957920A38F4B002122B1 /* MenuController.m */,
				62B7A5182072B07C005C5130 /* PreviewViewController.m */,
				62B7A51A2072B08D005C5130 /* PreviewViewController.h */,
				6272957F20A4C5BC002122B1 /* ProvisioningViewController.h */,
				6272958020A4C5BC002122B1 /* ProvisioningViewController.m */,
				6272958220A5BB95002122B1 /* AccountViewController.h */,
				6272958320A5BB95002122B1 /* AccountViewController.m */,
				6272958520A5BBAF002122B1 /* RecordingsViewController.h */,
				6272958620A5BBAF002122B1 /* RecordingsViewController.m */,
				6272958820A5BBBD002122B1 /* EventsViewController.h */,
				6272958920A5BBBD002122B1 /* EventsViewController.m */,
				6272958B20A5BBE1002122B1 /* MersoftViewController.h */,
				6272958C20A5BBE1002122B1 /* MersoftViewController.m */,
			);
			path = Views;
			sourceTree = "<group>";
		};
/* End PBXGroup section */

/* Begin PBXNativeTarget section */
		62BF0BF42072774D004ED41F /* StreamView */ = {
			isa = PBXNativeTarget;
			buildConfigurationList = 62BF0C212072774D004ED41F /* Build configuration list for PBXNativeTarget "StreamView" */;
			buildPhases = (
				62BF0BF12072774D004ED41F /* Sources */,
				62BF0BF22072774D004ED41F /* Frameworks */,
				62BF0BF32072774D004ED41F /* Resources */,
				62A22BAD2076769400B56AED /* Embed Frameworks */,
			);
			buildRules = (
			);
			dependencies = (
				62103C93207692B300B70142 /* PBXTargetDependency */,
			);
			name = StreamView;
			productName = StreamView;
			productReference = 62BF0BF52072774D004ED41F /* StreamView.app */;
			productType = "com.apple.product-type.application";
		};
		62BF0C0C2072774D004ED41F /* StreamViewTests */ = {
			isa = PBXNativeTarget;
			buildConfigurationList = 62BF0C242072774D004ED41F /* Build configuration list for PBXNativeTarget "StreamViewTests" */;
			buildPhases = (
				62BF0C092072774D004ED41F /* Sources */,
				62BF0C0A2072774D004ED41F /* Frameworks */,
				62BF0C0B2072774D004ED41F /* Resources */,
			);
			buildRules = (
			);
			dependencies = (
				62BF0C0F2072774D004ED41F /* PBXTargetDependency */,
			);
			name = StreamViewTests;
			productName = StreamViewTests;
			productReference = 62BF0C0D2072774D004ED41F /* StreamViewTests.xctest */;
			productType = "com.apple.product-type.bundle.unit-test";
		};
		62BF0C172072774D004ED41F /* StreamViewUITests */ = {
			isa = PBXNativeTarget;
			buildConfigurationList = 62BF0C272072774D004ED41F /* Build configuration list for PBXNativeTarget "StreamViewUITests" */;
			buildPhases = (
				62BF0C142072774D004ED41F /* Sources */,
				62BF0C152072774D004ED41F /* Frameworks */,
				62BF0C162072774D004ED41F /* Resources */,
			);
			buildRules = (
			);
			dependencies = (
				62BF0C1A2072774D004ED41F /* PBXTargetDependency */,
			);
			name = StreamViewUITests;
			productName = StreamViewUITests;
			productReference = 62BF0C182072774D004ED41F /* StreamViewUITests.xctest */;
			productType = "com.apple.product-type.bundle.ui-testing";
		};
/* End PBXNativeTarget section */

/* Begin PBXProject section */
		62BF0BED2072774D004ED41F /* Project object */ = {
			isa = PBXProject;
			attributes = {
				LastUpgradeCheck = 0920;
				ORGANIZATIONNAME = Mersoft;
				TargetAttributes = {
					62BF0BF42072774D004ED41F = {
						CreatedOnToolsVersion = 9.2;
						ProvisioningStyle = Automatic;
					};
					62BF0C0C2072774D004ED41F = {
						CreatedOnToolsVersion = 9.2;
						ProvisioningStyle = Automatic;
						TestTargetID = 62BF0BF42072774D004ED41F;
					};
					62BF0C172072774D004ED41F = {
						CreatedOnToolsVersion = 9.2;
						ProvisioningStyle = Automatic;
						TestTargetID = 62BF0BF42072774D004ED41F;
					};
				};
			};
			buildConfigurationList = 62BF0BF02072774D004ED41F /* Build configuration list for PBXProject "StreamView" */;
			compatibilityVersion = "Xcode 8.0";
			developmentRegion = en;
			hasScannedForEncodings = 0;
			knownRegions = (
				en,
				Base,
			);
			mainGroup = 62BF0BEC2072774D004ED41F;
			productRefGroup = 62BF0BF62072774D004ED41F /* Products */;
			projectDirPath = "";
			projectReferences = (
				{
					ProductGroup = 62103C8D2076924C00B70142 /* Products */;
					ProjectRef = 62103C8C2076924C00B70142 /* move-ios-sdk.xcodeproj */;
				},
			);
			projectRoot = "";
			targets = (
				62BF0BF42072774D004ED41F /* StreamView */,
				62BF0C0C2072774D004ED41F /* StreamViewTests */,
				62BF0C172072774D004ED41F /* StreamViewUITests */,
			);
		};
/* End PBXProject section */

/* Begin PBXReferenceProxy section */
		62103C912076924C00B70142 /* libmove-ios-sdk.a */ = {
			isa = PBXReferenceProxy;
			fileType = archive.ar;
			path = "libmove-ios-sdk.a";
			remoteRef = 62103C902076924C00B70142 /* PBXContainerItemProxy */;
			sourceTree = BUILT_PRODUCTS_DIR;
		};
/* End PBXReferenceProxy section */

/* Begin PBXResourcesBuildPhase section */
		62BF0BF32072774D004ED41F /* Resources */ = {
			isa = PBXResourcesBuildPhase;
			buildActionMask = 2147483647;
			files = (
				62A22BA5207664E000B56AED /* lib in Resources */,
				6215639C2076416C00362E83 /* DemoOnCallView.xib in Resources */,
				62BF0C052072774D004ED41F /* LaunchScreen.storyboard in Resources */,
				62BF0C022072774D004ED41F /* Assets.xcassets in Resources */,
				62A22BA4207664E000B56AED /* include in Resources */,
				62D0A3D520727D6900B96CFC /* StreamView.storyboard in Resources */,
			);
			runOnlyForDeploymentPostprocessing = 0;
		};
		62BF0C0B2072774D004ED41F /* Resources */ = {
			isa = PBXResourcesBuildPhase;
			buildActionMask = 2147483647;
			files = (
			);
			runOnlyForDeploymentPostprocessing = 0;
		};
		62BF0C162072774D004ED41F /* Resources */ = {
			isa = PBXResourcesBuildPhase;
			buildActionMask = 2147483647;
			files = (
			);
			runOnlyForDeploymentPostprocessing = 0;
		};
/* End PBXResourcesBuildPhase section */

/* Begin PBXSourcesBuildPhase section */
		62BF0BF12072774D004ED41F /* Sources */ = {
			isa = PBXSourcesBuildPhase;
			buildActionMask = 2147483647;
			files = (
				6272957A20A38F4B002122B1 /* MenuController.m in Sources */,
				6272958D20A5BBE1002122B1 /* MersoftViewController.m in Sources */,
				6272958A20A5BBBD002122B1 /* EventsViewController.m in Sources */,
				62BF0C082072774D004ED41F /* main.m in Sources */,
				62BF0BFA2072774D004ED41F /* AppDelegate.m in Sources */,
				62B7A4C2207292AF005C5130 /* LoginViewController.m in Sources */,
				6272958420A5BB95002122B1 /* AccountViewController.m in Sources */,
				62B7A5192072B07C005C5130 /* PreviewViewController.m in Sources */,
				6272957E20A3940D002122B1 /* SWRevealViewController.m in Sources */,
				621563A0207641C600362E83 /* DemoOnCallViewController.m in Sources */,
				6215639920763E1500362E83 /* Reachability.m in Sources */,
				6272958720A5BBAF002122B1 /* RecordingsViewController.m in Sources */,
				6272958120A4C5BC002122B1 /* ProvisioningViewController.m in Sources */,
			);
			runOnlyForDeploymentPostprocessing = 0;
		};
		62BF0C092072774D004ED41F /* Sources */ = {
			isa = PBXSourcesBuildPhase;
			buildActionMask = 2147483647;
			files = (
				62BF0C122072774D004ED41F /* StreamViewTests.m in Sources */,
			);
			runOnlyForDeploymentPostprocessing = 0;
		};
		62BF0C142072774D004ED41F /* Sources */ = {
			isa = PBXSourcesBuildPhase;
			buildActionMask = 2147483647;
			files = (
				62BF0C1D2072774D004ED41F /* StreamViewUITests.m in Sources */,
			);
			runOnlyForDeploymentPostprocessing = 0;
		};
/* End PBXSourcesBuildPhase section */

/* Begin PBXTargetDependency section */
		62103C93207692B300B70142 /* PBXTargetDependency */ = {
			isa = PBXTargetDependency;
			name = "move-ios-sdk";
			targetProxy = 62103C92207692B300B70142 /* PBXContainerItemProxy */;
		};
		62BF0C0F2072774D004ED41F /* PBXTargetDependency */ = {
			isa = PBXTargetDependency;
			target = 62BF0BF42072774D004ED41F /* StreamView */;
			targetProxy = 62BF0C0E2072774D004ED41F /* PBXContainerItemProxy */;
		};
		62BF0C1A2072774D004ED41F /* PBXTargetDependency */ = {
			isa = PBXTargetDependency;
			target = 62BF0BF42072774D004ED41F /* StreamView */;
			targetProxy = 62BF0C192072774D004ED41F /* PBXContainerItemProxy */;
		};
/* End PBXTargetDependency section */

/* Begin PBXVariantGroup section */
		62BF0C032072774D004ED41F /* LaunchScreen.storyboard */ = {
			isa = PBXVariantGroup;
			children = (
				62BF0C042072774D004ED41F /* Base */,
			);
			name = LaunchScreen.storyboard;
			sourceTree = "<group>";
		};
/* End PBXVariantGroup section */

/* Begin XCBuildConfiguration section */
		62BF0C1F2072774D004ED41F /* Debug */ = {
			isa = XCBuildConfiguration;
			buildSettings = {
				ALWAYS_SEARCH_USER_PATHS = NO;
				CLANG_ANALYZER_NONNULL = YES;
				CLANG_ANALYZER_NUMBER_OBJECT_CONVERSION = YES_AGGRESSIVE;
				CLANG_CXX_LANGUAGE_STANDARD = "gnu++14";
				CLANG_CXX_LIBRARY = "libc++";
				CLANG_ENABLE_MODULES = YES;
				CLANG_ENABLE_OBJC_ARC = YES;
				CLANG_WARN_BLOCK_CAPTURE_AUTORELEASING = YES;
				CLANG_WARN_BOOL_CONVERSION = YES;
				CLANG_WARN_COMMA = YES;
				CLANG_WARN_CONSTANT_CONVERSION = YES;
				CLANG_WARN_DIRECT_OBJC_ISA_USAGE = YES_ERROR;
				CLANG_WARN_DOCUMENTATION_COMMENTS = YES;
				CLANG_WARN_EMPTY_BODY = YES;
				CLANG_WARN_ENUM_CONVERSION = YES;
				CLANG_WARN_INFINITE_RECURSION = YES;
				CLANG_WARN_INT_CONVERSION = YES;
				CLANG_WARN_NON_LITERAL_NULL_CONVERSION = YES;
				CLANG_WARN_OBJC_LITERAL_CONVERSION = YES;
				CLANG_WARN_OBJC_ROOT_CLASS = YES_ERROR;
				CLANG_WARN_RANGE_LOOP_ANALYSIS = YES;
				CLANG_WARN_STRICT_PROTOTYPES = YES;
				CLANG_WARN_SUSPICIOUS_MOVE = YES;
				CLANG_WARN_UNGUARDED_AVAILABILITY = YES_AGGRESSIVE;
				CLANG_WARN_UNREACHABLE_CODE = YES;
				CLANG_WARN__DUPLICATE_METHOD_MATCH = YES;
				CODE_SIGN_IDENTITY = "iPhone Developer";
				COPY_PHASE_STRIP = NO;
				DEBUG_INFORMATION_FORMAT = dwarf;
				ENABLE_STRICT_OBJC_MSGSEND = YES;
				ENABLE_TESTABILITY = YES;
				FRAMEWORK_SEARCH_PATHS = "$(PROJECT_DIR)/Frameworks/**";
				GCC_C_LANGUAGE_STANDARD = gnu11;
				GCC_DYNAMIC_NO_PIC = NO;
				GCC_NO_COMMON_BLOCKS = YES;
				GCC_OPTIMIZATION_LEVEL = 0;
				GCC_PREPROCESSOR_DEFINITIONS = (
					"DEBUG=1",
					"$(inherited)",
				);
				GCC_WARN_64_TO_32_BIT_CONVERSION = YES;
				GCC_WARN_ABOUT_RETURN_TYPE = YES_ERROR;
				GCC_WARN_UNDECLARED_SELECTOR = YES;
				GCC_WARN_UNINITIALIZED_AUTOS = YES_AGGRESSIVE;
				GCC_WARN_UNUSED_FUNCTION = YES;
				GCC_WARN_UNUSED_VARIABLE = YES;
				IPHONEOS_DEPLOYMENT_TARGET = 11.2;
				MTL_ENABLE_DEBUG_INFO = YES;
				ONLY_ACTIVE_ARCH = YES;
				SDKROOT = iphoneos;
			};
			name = Debug;
		};
		62BF0C202072774D004ED41F /* Release */ = {
			isa = XCBuildConfiguration;
			buildSettings = {
				ALWAYS_SEARCH_USER_PATHS = NO;
				CLANG_ANALYZER_NONNULL = YES;
				CLANG_ANALYZER_NUMBER_OBJECT_CONVERSION = YES_AGGRESSIVE;
				CLANG_CXX_LANGUAGE_STANDARD = "gnu++14";
				CLANG_CXX_LIBRARY = "libc++";
				CLANG_ENABLE_MODULES = YES;
				CLANG_ENABLE_OBJC_ARC = YES;
				CLANG_WARN_BLOCK_CAPTURE_AUTORELEASING = YES;
				CLANG_WARN_BOOL_CONVERSION = YES;
				CLANG_WARN_COMMA = YES;
				CLANG_WARN_CONSTANT_CONVERSION = YES;
				CLANG_WARN_DIRECT_OBJC_ISA_USAGE = YES_ERROR;
				CLANG_WARN_DOCUMENTATION_COMMENTS = YES;
				CLANG_WARN_EMPTY_BODY = YES;
				CLANG_WARN_ENUM_CONVERSION = YES;
				CLANG_WARN_INFINITE_RECURSION = YES;
				CLANG_WARN_INT_CONVERSION = YES;
				CLANG_WARN_NON_LITERAL_NULL_CONVERSION = YES;
				CLANG_WARN_OBJC_LITERAL_CONVERSION = YES;
				CLANG_WARN_OBJC_ROOT_CLASS = YES_ERROR;
				CLANG_WARN_RANGE_LOOP_ANALYSIS = YES;
				CLANG_WARN_STRICT_PROTOTYPES = YES;
				CLANG_WARN_SUSPICIOUS_MOVE = YES;
				CLANG_WARN_UNGUARDED_AVAILABILITY = YES_AGGRESSIVE;
				CLANG_WARN_UNREACHABLE_CODE = YES;
				CLANG_WARN__DUPLICATE_METHOD_MATCH = YES;
				CODE_SIGN_IDENTITY = "iPhone Developer";
				COPY_PHASE_STRIP = NO;
				DEBUG_INFORMATION_FORMAT = "dwarf-with-dsym";
				ENABLE_NS_ASSERTIONS = NO;
				ENABLE_STRICT_OBJC_MSGSEND = YES;
				FRAMEWORK_SEARCH_PATHS = "$(PROJECT_DIR)/Frameworks";
				GCC_C_LANGUAGE_STANDARD = gnu11;
				GCC_NO_COMMON_BLOCKS = YES;
				GCC_WARN_64_TO_32_BIT_CONVERSION = YES;
				GCC_WARN_ABOUT_RETURN_TYPE = YES_ERROR;
				GCC_WARN_UNDECLARED_SELECTOR = YES;
				GCC_WARN_UNINITIALIZED_AUTOS = YES_AGGRESSIVE;
				GCC_WARN_UNUSED_FUNCTION = YES;
				GCC_WARN_UNUSED_VARIABLE = YES;
				IPHONEOS_DEPLOYMENT_TARGET = 11.2;
				MTL_ENABLE_DEBUG_INFO = NO;
				SDKROOT = iphoneos;
				VALIDATE_PRODUCT = YES;
			};
			name = Release;
		};
		62BF0C222072774D004ED41F /* Debug */ = {
			isa = XCBuildConfiguration;
			buildSettings = {
				ASSETCATALOG_COMPILER_APPICON_NAME = AppIcon;
				CODE_SIGN_STYLE = Automatic;
				DEVELOPMENT_TEAM = P76NDY4BKW;
				ENABLE_BITCODE = NO;
				FRAMEWORK_SEARCH_PATHS = (
					"$(inherited)",
					"$(PROJECT_DIR)/Frameworks/**",
				);
				HEADER_SEARCH_PATHS = "$(PROJECT_DIR)/MoveSDK/**";
				INFOPLIST_FILE = StreamView/Info.plist;
				LD_RUNPATH_SEARCH_PATHS = "$(inherited) @executable_path/Frameworks";
				LIBRARY_SEARCH_PATHS = (
					"$(inherited)",
					"$(PROJECT_DIR)/MoveSDK/lib",
				);
				PRODUCT_BUNDLE_IDENTIFIER = com.mersoft.MoveSDKDemo;
				PRODUCT_NAME = "$(TARGET_NAME)";
				TARGETED_DEVICE_FAMILY = "1,2";
			};
			name = Debug;
		};
		62BF0C232072774D004ED41F /* Release */ = {
			isa = XCBuildConfiguration;
			buildSettings = {
				ASSETCATALOG_COMPILER_APPICON_NAME = AppIcon;
				CODE_SIGN_STYLE = Automatic;
				DEVELOPMENT_TEAM = P76NDY4BKW;
				ENABLE_BITCODE = NO;
				HEADER_SEARCH_PATHS = "$(PROJECT_DIR)/MoveSDK/**";
				INFOPLIST_FILE = StreamView/Info.plist;
				LD_RUNPATH_SEARCH_PATHS = "$(inherited) @executable_path/Frameworks";
				LIBRARY_SEARCH_PATHS = (
					"$(inherited)",
					"$(PROJECT_DIR)/MoveSDK/lib",
				);
				PRODUCT_BUNDLE_IDENTIFIER = com.mersoft.MoveSDKDemo;
				PRODUCT_NAME = "$(TARGET_NAME)";
				TARGETED_DEVICE_FAMILY = "1,2";
			};
			name = Release;
		};
		62BF0C252072774D004ED41F /* Debug */ = {
			isa = XCBuildConfiguration;
			buildSettings = {
				BUNDLE_LOADER = "$(TEST_HOST)";
				CODE_SIGN_STYLE = Automatic;
				DEVELOPMENT_TEAM = P76NDY4BKW;
				INFOPLIST_FILE = StreamViewTests/Info.plist;
				LD_RUNPATH_SEARCH_PATHS = "$(inherited) @executable_path/Frameworks @loader_path/Frameworks";
				PRODUCT_BUNDLE_IDENTIFIER = com.mersoft.StreamViewTests;
				PRODUCT_NAME = "$(TARGET_NAME)";
				TARGETED_DEVICE_FAMILY = "1,2";
				TEST_HOST = "$(BUILT_PRODUCTS_DIR)/StreamView.app/StreamView";
			};
			name = Debug;
		};
		62BF0C262072774D004ED41F /* Release */ = {
			isa = XCBuildConfiguration;
			buildSettings = {
				BUNDLE_LOADER = "$(TEST_HOST)";
				CODE_SIGN_STYLE = Automatic;
				DEVELOPMENT_TEAM = P76NDY4BKW;
				INFOPLIST_FILE = StreamViewTests/Info.plist;
				LD_RUNPATH_SEARCH_PATHS = "$(inherited) @executable_path/Frameworks @loader_path/Frameworks";
				PRODUCT_BUNDLE_IDENTIFIER = com.mersoft.StreamViewTests;
				PRODUCT_NAME = "$(TARGET_NAME)";
				TARGETED_DEVICE_FAMILY = "1,2";
				TEST_HOST = "$(BUILT_PRODUCTS_DIR)/StreamView.app/StreamView";
			};
			name = Release;
		};
		62BF0C282072774D004ED41F /* Debug */ = {
			isa = XCBuildConfiguration;
			buildSettings = {
				CODE_SIGN_STYLE = Automatic;
				DEVELOPMENT_TEAM = P76NDY4BKW;
				INFOPLIST_FILE = StreamViewUITests/Info.plist;
				LD_RUNPATH_SEARCH_PATHS = "$(inherited) @executable_path/Frameworks @loader_path/Frameworks";
				PRODUCT_BUNDLE_IDENTIFIER = com.mersoft.StreamViewUITests;
				PRODUCT_NAME = "$(TARGET_NAME)";
				TARGETED_DEVICE_FAMILY = "1,2";
				TEST_TARGET_NAME = StreamView;
			};
			name = Debug;
		};
		62BF0C292072774D004ED41F /* Release */ = {
			isa = XCBuildConfiguration;
			buildSettings = {
				CODE_SIGN_STYLE = Automatic;
				DEVELOPMENT_TEAM = P76NDY4BKW;
				INFOPLIST_FILE = StreamViewUITests/Info.plist;
				LD_RUNPATH_SEARCH_PATHS = "$(inherited) @executable_path/Frameworks @loader_path/Frameworks";
				PRODUCT_BUNDLE_IDENTIFIER = com.mersoft.StreamViewUITests;
				PRODUCT_NAME = "$(TARGET_NAME)";
				TARGETED_DEVICE_FAMILY = "1,2";
				TEST_TARGET_NAME = StreamView;
			};
			name = Release;
		};
/* End XCBuildConfiguration section */

/* Begin XCConfigurationList section */
		62BF0BF02072774D004ED41F /* Build configuration list for PBXProject "StreamView" */ = {
			isa = XCConfigurationList;
			buildConfigurations = (
				62BF0C1F2072774D004ED41F /* Debug */,
				62BF0C202072774D004ED41F /* Release */,
			);
			defaultConfigurationIsVisible = 0;
			defaultConfigurationName = Release;
		};
		62BF0C212072774D004ED41F /* Build configuration list for PBXNativeTarget "StreamView" */ = {
			isa = XCConfigurationList;
			buildConfigurations = (
				62BF0C222072774D004ED41F /* Debug */,
				62BF0C232072774D004ED41F /* Release */,
			);
			defaultConfigurationIsVisible = 0;
			defaultConfigurationName = Release;
		};
		62BF0C242072774D004ED41F /* Build configuration list for PBXNativeTarget "StreamViewTests" */ = {
			isa = XCConfigurationList;
			buildConfigurations = (
				62BF0C252072774D004ED41F /* Debug */,
				62BF0C262072774D004ED41F /* Release */,
			);
			defaultConfigurationIsVisible = 0;
			defaultConfigurationName = Release;
		};
		62BF0C272072774D004ED41F /* Build configuration list for PBXNativeTarget "StreamViewUITests" */ = {
			isa = XCConfigurationList;
			buildConfigurations = (
				62BF0C282072774D004ED41F /* Debug */,
				62BF0C292072774D004ED41F /* Release */,
			);
			defaultConfigurationIsVisible = 0;
			defaultConfigurationName = Release;
		};
/* End XCConfigurationList section */
	};
	rootObject = 62BF0BED2072774D004ED41F /* Project object */;
}
